
Microsoft Visual Studio Solution File, Format Version 12.00
# Visual Studio 14
VisualStudioVersion = 14.0.25420.1
MinimumVisualStudioVersion = 10.0.40219.1
Project("{FAE04EC0-301F-11D3-BF4B-00C04F79EFBC}") = "Demo1.WebApi", "Demo1.WebApi\Demo1.WebApi.csproj", "{830F120E-A51B-4A1D-9DD8-A1794D434460}"
EndProject
Project("{FAE04EC0-301F-11D3-BF4B-00C04F79EFBC}") = "Demo1.Dominio", "Demo1.Dominio\Demo1.Dominio.csproj", "{4CFD0A4E-36F9-45FE-98ED-3DF9353E48B3}"
EndProject
Project("{FAE04EC0-301F-11D3-BF4B-00C04F79EFBC}") = "Demo1.Infraestrutura", "Demo1.Infraestrutura\Demo1.Infraestrutura.csproj", "{9EC7F849-3885-4059-BFF7-501D70C95855}"
EndProject
Global
	GlobalSection(SolutionConfigurationPlatforms) = preSolution
		Debug|Any CPU = Debug|Any CPU
		Release|Any CPU = Release|Any CPU
	EndGlobalSection
	GlobalSection(ProjectConfigurationPlatforms) = postSolution
		{830F120E-A51B-4A1D-9DD8-A1794D434460}.Debug|Any CPU.ActiveCfg = Debug|Any CPU
		{830F120E-A51B-4A1D-9DD8-A1794D434460}.Debug|Any CPU.Build.0 = Debug|Any CPU
		{830F120E-A51B-4A1D-9DD8-A1794D434460}.Release|Any CPU.ActiveCfg = Release|Any CPU
		{830F120E-A51B-4A1D-9DD8-A1794D434460}.Release|Any CPU.Build.0 = Release|Any CPU
		{4CFD0A4E-36F9-45FE-98ED-3DF9353E48B3}.Debug|Any CPU.ActiveCfg = Debug|Any CPU
		{4CFD0A4E-36F9-45FE-98ED-3DF9353E48B3}.Debug|Any CPU.Build.0 = Debug|Any CPU
		{4CFD0A4E-36F9-45FE-98ED-3DF9353E48B3}.Release|Any CPU.ActiveCfg = Release|Any CPU
		{4CFD0A4E-36F9-45FE-98ED-3DF9353E48B3}.Release|Any CPU.Build.0 = Release|Any CPU
		{9EC7F849-3885-4059-BFF7-501D70C95855}.Debug|Any CPU.ActiveCfg = Debug|Any CPU
		{9EC7F849-3885-4059-BFF7-501D70C95855}.Debug|Any CPU.Build.0 = Debug|Any CPU
		{9EC7F849-3885-4059-BFF7-501D70C95855}.Release|Any CPU.ActiveCfg = Release|Any CPU
		{9EC7F849-3885-4059-BFF7-501D70C95855}.Release|Any CPU.Build.0 = Release|Any CPU
	EndGlobalSection
	GlobalSection(SolutionProperties) = preSolution
		HideSolutionNode = FALSE
	EndGlobalSection
EndGlobal
